
Microsoft Visual Studio Solution File, Format Version 12.00
# Visual Studio 14
VisualStudioVersion = 14.0.25420.1
MinimumVisualStudioVersion = 10.0.40219.1
Project("{FAE04EC0-301F-11D3-BF4B-00C04F79EFBC}") = "NetTelegraph", "NetTelegraph\NetTelegraph.csproj", "{4F27CB2E-6EAF-49B3-824B-090125EEFDF9}"
EndProject
Project("{FAE04EC0-301F-11D3-BF4B-00C04F79EFBC}") = "NetTelegraph.Test", "NetTelegraph.Test\NetTelegraph.Test.csproj", "{2F089581-953A-406B-8D2C-E6C86FAC5A09}"
EndProject
Project("{2150E333-8FDC-42A3-9474-1A3956D46DE8}") = "Common", "Common", "{0A26746E-B022-40E2-9B7B-3D5BADCF50F3}"
	ProjectSection(SolutionItems) = preProject
		ReSharperCodeStyle.DotSettings = ReSharperCodeStyle.DotSettings
	EndProjectSection
EndProject
Global
	GlobalSection(SolutionConfigurationPlatforms) = preSolution
		Debug|Any CPU = Debug|Any CPU
		Release|Any CPU = Release|Any CPU
	EndGlobalSection
	GlobalSection(ProjectConfigurationPlatforms) = postSolution
		{4F27CB2E-6EAF-49B3-824B-090125EEFDF9}.Debug|Any CPU.ActiveCfg = Debug|Any CPU
		{4F27CB2E-6EAF-49B3-824B-090125EEFDF9}.Debug|Any CPU.Build.0 = Debug|Any CPU
		{4F27CB2E-6EAF-49B3-824B-090125EEFDF9}.Release|Any CPU.ActiveCfg = Release|Any CPU
		{4F27CB2E-6EAF-49B3-824B-090125EEFDF9}.Release|Any CPU.Build.0 = Release|Any CPU
		{2F089581-953A-406B-8D2C-E6C86FAC5A09}.Debug|Any CPU.ActiveCfg = Debug|Any CPU
		{2F089581-953A-406B-8D2C-E6C86FAC5A09}.Debug|Any CPU.Build.0 = Debug|Any CPU
		{2F089581-953A-406B-8D2C-E6C86FAC5A09}.Release|Any CPU.ActiveCfg = Release|Any CPU
		{2F089581-953A-406B-8D2C-E6C86FAC5A09}.Release|Any CPU.Build.0 = Release|Any CPU
	EndGlobalSection
	GlobalSection(SolutionProperties) = preSolution
		HideSolutionNode = FALSE
	EndGlobalSection
EndGlobal
